
Microsoft Visual Studio Solution File, Format Version 12.00
# Visual Studio Version 16
VisualStudioVersion = 16.0.31005.135
MinimumVisualStudioVersion = 10.0.40219.1
Project("{9A19103F-16F7-4668-BE54-9A1E7A4F7556}") = "SGP", "SGP.csproj", "{B78A031E-4F92-40DF-BA31-4738E5C62A03}"
EndProject
Project("{2150E333-8FDC-42A3-9474-1A3956D46DE8}") = "WebSystem", "WebSystem", "{47A37803-2564-41FB-BDAF-54123CB2CE89}"
EndProject
Project("{2150E333-8FDC-42A3-9474-1A3956D46DE8}") = "Sector", "Sector", "{DEF163A6-04DE-45A5-A684-46271CC337C8}"
EndProject
Project("{2150E333-8FDC-42A3-9474-1A3956D46DE8}") = "Repository", "Repository", "{9363A6EC-D70E-4D76-A277-3CB90A9BB98D}"
EndProject
Project("{2150E333-8FDC-42A3-9474-1A3956D46DE8}") = "Service", "Service", "{CA6FB34E-AED1-4A72-B268-4F3311B193F4}"
EndProject
Project("{2150E333-8FDC-42A3-9474-1A3956D46DE8}") = "Infrastructure", "Infrastructure", "{4304B5E2-B836-428E-A2A6-4D0C62142907}"
EndProject
Project("{2150E333-8FDC-42A3-9474-1A3956D46DE8}") = "Model", "Model", "{8FF581D1-CBF9-47B0-A67A-8E79C4DF4E9B}"
EndProject
Project("{2150E333-8FDC-42A3-9474-1A3956D46DE8}") = "Category", "Category", "{7C848818-AE62-421A-99E2-8697AC296B50}"
EndProject
Project("{2150E333-8FDC-42A3-9474-1A3956D46DE8}") = "Contract", "Contract", "{A91542DB-C876-4BE6-B2C0-CDD7435A7AC0}"
EndProject
Project("{2150E333-8FDC-42A3-9474-1A3956D46DE8}") = "Service", "Service", "{A2BCBCB5-F842-4726-ACDB-1269C66E45AE}"
EndProject
Project("{2150E333-8FDC-42A3-9474-1A3956D46DE8}") = "Repository", "Repository", "{F109EB33-62C6-4558-A059-78A9EBB1E0D2}"
EndProject
Project("{2150E333-8FDC-42A3-9474-1A3956D46DE8}") = "Service", "Service", "{CB0E50C1-67D6-47BD-93C2-86B508EC6836}"
EndProject
Project("{2150E333-8FDC-42A3-9474-1A3956D46DE8}") = "Infrastructure", "Infrastructure", "{71FDE559-2990-4762-8D26-CFF838F0D484}"
EndProject
Project("{9A19103F-16F7-4668-BE54-9A1E7A4F7556}") = "SectorService", "..\Sector\Service\SectorService\SectorService.csproj", "{27F3BAFA-4FB8-4392-B514-C6DE6921CF45}"
EndProject
Project("{9A19103F-16F7-4668-BE54-9A1E7A4F7556}") = "SectorRepository", "..\Sector\Repository\SectorRepository\SectorRepository.csproj", "{7DCD027D-4E45-4FB3-8ADF-C8434D8007CF}"
EndProject
Project("{9A19103F-16F7-4668-BE54-9A1E7A4F7556}") = "CategoryService", "..\Category\Service\CategoryService\CategoryService.csproj", "{F2C0D029-E93D-4A1B-94AA-776CC560445D}"
EndProject
Project("{9A19103F-16F7-4668-BE54-9A1E7A4F7556}") = "CategoryRepository", "..\Category\Repository\CategoryRepository\CategoryRepository.csproj", "{AFB08980-BA1C-4E9F-A00D-487846C4724F}"
EndProject
Project("{9A19103F-16F7-4668-BE54-9A1E7A4F7556}") = "CategoryContract", "..\Contract\Service\CategoryContract\CategoryContract.csproj", "{ED76099F-057F-4FCE-B08C-558948A77A1E}"
EndProject
Project("{9A19103F-16F7-4668-BE54-9A1E7A4F7556}") = "SectorContract", "..\Contract\Service\SectorContract\SectorContract.csproj", "{E1D89D91-BAAA-4E0B-A758-AED2D64E1EC8}"
EndProject
Project("{FAE04EC0-301F-11D3-BF4B-00C04F79EFBC}") = "Entity", "..\Model\Entity\Entity.csproj", "{AB6A5B0C-6512-4CA5-A7D6-E4F00F45B247}"
EndProject
Global
	GlobalSection(SolutionConfigurationPlatforms) = preSolution
		Debug|Any CPU = Debug|Any CPU
		Release|Any CPU = Release|Any CPU
	EndGlobalSection
	GlobalSection(ProjectConfigurationPlatforms) = postSolution
		{B78A031E-4F92-40DF-BA31-4738E5C62A03}.Debug|Any CPU.ActiveCfg = Debug|Any CPU
		{B78A031E-4F92-40DF-BA31-4738E5C62A03}.Debug|Any CPU.Build.0 = Debug|Any CPU
		{B78A031E-4F92-40DF-BA31-4738E5C62A03}.Release|Any CPU.ActiveCfg = Release|Any CPU
		{B78A031E-4F92-40DF-BA31-4738E5C62A03}.Release|Any CPU.Build.0 = Release|Any CPU
		{27F3BAFA-4FB8-4392-B514-C6DE6921CF45}.Debug|Any CPU.ActiveCfg = Debug|Any CPU
		{27F3BAFA-4FB8-4392-B514-C6DE6921CF45}.Debug|Any CPU.Build.0 = Debug|Any CPU
		{27F3BAFA-4FB8-4392-B514-C6DE6921CF45}.Release|Any CPU.ActiveCfg = Release|Any CPU
		{27F3BAFA-4FB8-4392-B514-C6DE6921CF45}.Release|Any CPU.Build.0 = Release|Any CPU
		{7DCD027D-4E45-4FB3-8ADF-C8434D8007CF}.Debug|Any CPU.ActiveCfg = Debug|Any CPU
		{7DCD027D-4E45-4FB3-8ADF-C8434D8007CF}.Debug|Any CPU.Build.0 = Debug|Any CPU
		{7DCD027D-4E45-4FB3-8ADF-C8434D8007CF}.Release|Any CPU.ActiveCfg = Release|Any CPU
		{7DCD027D-4E45-4FB3-8ADF-C8434D8007CF}.Release|Any CPU.Build.0 = Release|Any CPU
		{F2C0D029-E93D-4A1B-94AA-776CC560445D}.Debug|Any CPU.ActiveCfg = Debug|Any CPU
		{F2C0D029-E93D-4A1B-94AA-776CC560445D}.Debug|Any CPU.Build.0 = Debug|Any CPU
		{F2C0D029-E93D-4A1B-94AA-776CC560445D}.Release|Any CPU.ActiveCfg = Release|Any CPU
		{F2C0D029-E93D-4A1B-94AA-776CC560445D}.Release|Any CPU.Build.0 = Release|Any CPU
		{AFB08980-BA1C-4E9F-A00D-487846C4724F}.Debug|Any CPU.ActiveCfg = Debug|Any CPU
		{AFB08980-BA1C-4E9F-A00D-487846C4724F}.Debug|Any CPU.Build.0 = Debug|Any CPU
		{AFB08980-BA1C-4E9F-A00D-487846C4724F}.Release|Any CPU.ActiveCfg = Release|Any CPU
		{AFB08980-BA1C-4E9F-A00D-487846C4724F}.Release|Any CPU.Build.0 = Release|Any CPU
		{ED76099F-057F-4FCE-B08C-558948A77A1E}.Debug|Any CPU.ActiveCfg = Debug|Any CPU
		{ED76099F-057F-4FCE-B08C-558948A77A1E}.Debug|Any CPU.Build.0 = Debug|Any CPU
		{ED76099F-057F-4FCE-B08C-558948A77A1E}.Release|Any CPU.ActiveCfg = Release|Any CPU
		{ED76099F-057F-4FCE-B08C-558948A77A1E}.Release|Any CPU.Build.0 = Release|Any CPU
		{E1D89D91-BAAA-4E0B-A758-AED2D64E1EC8}.Debug|Any CPU.ActiveCfg = Debug|Any CPU
		{E1D89D91-BAAA-4E0B-A758-AED2D64E1EC8}.Debug|Any CPU.Build.0 = Debug|Any CPU
		{E1D89D91-BAAA-4E0B-A758-AED2D64E1EC8}.Release|Any CPU.ActiveCfg = Release|Any CPU
		{E1D89D91-BAAA-4E0B-A758-AED2D64E1EC8}.Release|Any CPU.Build.0 = Release|Any CPU
		{AB6A5B0C-6512-4CA5-A7D6-E4F00F45B247}.Debug|Any CPU.ActiveCfg = Debug|Any CPU
		{AB6A5B0C-6512-4CA5-A7D6-E4F00F45B247}.Debug|Any CPU.Build.0 = Debug|Any CPU
		{AB6A5B0C-6512-4CA5-A7D6-E4F00F45B247}.Release|Any CPU.ActiveCfg = Release|Any CPU
		{AB6A5B0C-6512-4CA5-A7D6-E4F00F45B247}.Release|Any CPU.Build.0 = Release|Any CPU
	EndGlobalSection
	GlobalSection(SolutionProperties) = preSolution
		HideSolutionNode = FALSE
	EndGlobalSection
	GlobalSection(NestedProjects) = preSolution
		{B78A031E-4F92-40DF-BA31-4738E5C62A03} = {47A37803-2564-41FB-BDAF-54123CB2CE89}
		{9363A6EC-D70E-4D76-A277-3CB90A9BB98D} = {DEF163A6-04DE-45A5-A684-46271CC337C8}
		{CA6FB34E-AED1-4A72-B268-4F3311B193F4} = {DEF163A6-04DE-45A5-A684-46271CC337C8}
		{4304B5E2-B836-428E-A2A6-4D0C62142907} = {DEF163A6-04DE-45A5-A684-46271CC337C8}
		{A2BCBCB5-F842-4726-ACDB-1269C66E45AE} = {A91542DB-C876-4BE6-B2C0-CDD7435A7AC0}
		{F109EB33-62C6-4558-A059-78A9EBB1E0D2} = {7C848818-AE62-421A-99E2-8697AC296B50}
		{CB0E50C1-67D6-47BD-93C2-86B508EC6836} = {7C848818-AE62-421A-99E2-8697AC296B50}
		{71FDE559-2990-4762-8D26-CFF838F0D484} = {7C848818-AE62-421A-99E2-8697AC296B50}
		{27F3BAFA-4FB8-4392-B514-C6DE6921CF45} = {CA6FB34E-AED1-4A72-B268-4F3311B193F4}
		{7DCD027D-4E45-4FB3-8ADF-C8434D8007CF} = {9363A6EC-D70E-4D76-A277-3CB90A9BB98D}
		{F2C0D029-E93D-4A1B-94AA-776CC560445D} = {CB0E50C1-67D6-47BD-93C2-86B508EC6836}
		{AFB08980-BA1C-4E9F-A00D-487846C4724F} = {F109EB33-62C6-4558-A059-78A9EBB1E0D2}
		{ED76099F-057F-4FCE-B08C-558948A77A1E} = {A2BCBCB5-F842-4726-ACDB-1269C66E45AE}
		{E1D89D91-BAAA-4E0B-A758-AED2D64E1EC8} = {A2BCBCB5-F842-4726-ACDB-1269C66E45AE}
		{AB6A5B0C-6512-4CA5-A7D6-E4F00F45B247} = {8FF581D1-CBF9-47B0-A67A-8E79C4DF4E9B}
	EndGlobalSection
	GlobalSection(ExtensibilityGlobals) = postSolution
		SolutionGuid = {FC2073FE-6138-48FA-8AF7-416164B858EB}
	EndGlobalSection
EndGlobal
