
Microsoft Visual Studio Solution File, Format Version 12.00
# Visual Studio Version 16
VisualStudioVersion = 16.0.31005.135
MinimumVisualStudioVersion = 10.0.40219.1
Project("{2150E333-8FDC-42A3-9474-1A3956D46DE8}") = "SGP.FRONT-END", "SGP.FRONT-END", "{47A37803-2564-41FB-BDAF-54123CB2CE89}"
EndProject
Project("{2150E333-8FDC-42A3-9474-1A3956D46DE8}") = "Repository", "Repository", "{9363A6EC-D70E-4D76-A277-3CB90A9BB98D}"
EndProject
Project("{2150E333-8FDC-42A3-9474-1A3956D46DE8}") = "Service", "Service", "{CA6FB34E-AED1-4A72-B268-4F3311B193F4}"
EndProject
Project("{2150E333-8FDC-42A3-9474-1A3956D46DE8}") = "Infrastructure", "Infrastructure", "{4304B5E2-B836-428E-A2A6-4D0C62142907}"
EndProject
Project("{2150E333-8FDC-42A3-9474-1A3956D46DE8}") = "Model", "Model", "{8FF581D1-CBF9-47B0-A67A-8E79C4DF4E9B}"
EndProject
Project("{2150E333-8FDC-42A3-9474-1A3956D46DE8}") = "Contract", "Contract", "{A91542DB-C876-4BE6-B2C0-CDD7435A7AC0}"
EndProject
Project("{2150E333-8FDC-42A3-9474-1A3956D46DE8}") = "Service", "Service", "{A2BCBCB5-F842-4726-ACDB-1269C66E45AE}"
EndProject
Project("{2150E333-8FDC-42A3-9474-1A3956D46DE8}") = "Gateway", "Gateway", "{E9C9B8AC-053A-4EAC-AEFC-56FEE7855FBA}"
EndProject
Project("{2150E333-8FDC-42A3-9474-1A3956D46DE8}") = "Infrastructure", "Infrastructure", "{5F620727-3959-4982-AD54-FC6EB33E3687}"
EndProject
Project("{2150E333-8FDC-42A3-9474-1A3956D46DE8}") = "Service", "Service", "{432C2187-D638-4EAF-8928-4CDD2AE80BC8}"
EndProject
Project("{9A19103F-16F7-4668-BE54-9A1E7A4F7556}") = "SGP", "..\src\WebSystem\SGP.csproj", "{F03AF706-8762-471F-98E1-3571CF775E2E}"
EndProject
Project("{9A19103F-16F7-4668-BE54-9A1E7A4F7556}") = "GatewayContract", "..\src\Contract\Service\GatewayContract\GatewayContract.csproj", "{C185FEAF-C1DE-4E89-A65C-01BD3DFB1CAC}"
EndProject
Project("{9A19103F-16F7-4668-BE54-9A1E7A4F7556}") = "GatewayLocator", "..\src\Gateway\Infrastructure\GatewayLocator\GatewayLocator.csproj", "{F62EB57D-E908-44D8-B685-40BD1112EBB5}"
EndProject
Project("{9A19103F-16F7-4668-BE54-9A1E7A4F7556}") = "Entity", "..\src\Model\Entity\Entity.csproj", "{8C96A1E0-B259-44B2-84EE-2E273FB34F97}"
EndProject
Project("{2150E333-8FDC-42A3-9474-1A3956D46DE8}") = "Patrimony", "Patrimony", "{788128EF-E275-4DD2-BAFB-03366CBD1006}"
EndProject
Project("{9A19103F-16F7-4668-BE54-9A1E7A4F7556}") = "PatrimonyRepository", "..\src\Patrimony\Repository\PatrimonyRepository\PatrimonyRepository.csproj", "{6FC941AC-781A-4AE5-86ED-B1401BF5318A}"
EndProject
Project("{9A19103F-16F7-4668-BE54-9A1E7A4F7556}") = "PatrimonyLocator", "..\src\Patrimony\Infrastructure\PatrimonyLocator\PatrimonyLocator.csproj", "{785598EB-FD7E-44C0-8072-29EFFF4D5D80}"
EndProject
Project("{9A19103F-16F7-4668-BE54-9A1E7A4F7556}") = "PatrimonyService", "..\src\Patrimony\Service\PatrimonyService\PatrimonyService.csproj", "{221206A3-5DF0-4908-A89D-74848AC6ECB4}"
EndProject
Project("{9A19103F-16F7-4668-BE54-9A1E7A4F7556}") = "PatrimonyContract", "..\src\Contract\Service\PatrimonyContract\PatrimonyContract.csproj", "{BA6FED91-CA1F-4B91-8976-ECBA603E9EF7}"
EndProject
Project("{9A19103F-16F7-4668-BE54-9A1E7A4F7556}") = "GatewayService", "..\src\Gateway\Service\GatewayService\GatewayService.csproj", "{72105F00-D0A4-4DAF-9725-913606821C45}"
EndProject
Project("{2150E333-8FDC-42A3-9474-1A3956D46DE8}") = "SGP.API", "SGP.API", "{3FEBED5F-2576-4335-B90C-B24620846E92}"
EndProject
Project("{9A19103F-16F7-4668-BE54-9A1E7A4F7556}") = "SGP.API", "..\src\SGP.API\SGP.API.csproj", "{3FA613D1-3C4D-4C12-8D33-5CE136FC9F27}"
EndProject
Global
	GlobalSection(SolutionConfigurationPlatforms) = preSolution
		Debug|Any CPU = Debug|Any CPU
		Release|Any CPU = Release|Any CPU
	EndGlobalSection
	GlobalSection(ProjectConfigurationPlatforms) = postSolution
		{F03AF706-8762-471F-98E1-3571CF775E2E}.Debug|Any CPU.ActiveCfg = Debug|Any CPU
		{F03AF706-8762-471F-98E1-3571CF775E2E}.Debug|Any CPU.Build.0 = Debug|Any CPU
		{F03AF706-8762-471F-98E1-3571CF775E2E}.Release|Any CPU.ActiveCfg = Release|Any CPU
		{F03AF706-8762-471F-98E1-3571CF775E2E}.Release|Any CPU.Build.0 = Release|Any CPU
		{C185FEAF-C1DE-4E89-A65C-01BD3DFB1CAC}.Debug|Any CPU.ActiveCfg = Debug|Any CPU
		{C185FEAF-C1DE-4E89-A65C-01BD3DFB1CAC}.Debug|Any CPU.Build.0 = Debug|Any CPU
		{C185FEAF-C1DE-4E89-A65C-01BD3DFB1CAC}.Release|Any CPU.ActiveCfg = Release|Any CPU
		{C185FEAF-C1DE-4E89-A65C-01BD3DFB1CAC}.Release|Any CPU.Build.0 = Release|Any CPU
		{F62EB57D-E908-44D8-B685-40BD1112EBB5}.Debug|Any CPU.ActiveCfg = Debug|Any CPU
		{F62EB57D-E908-44D8-B685-40BD1112EBB5}.Debug|Any CPU.Build.0 = Debug|Any CPU
		{F62EB57D-E908-44D8-B685-40BD1112EBB5}.Release|Any CPU.ActiveCfg = Release|Any CPU
		{F62EB57D-E908-44D8-B685-40BD1112EBB5}.Release|Any CPU.Build.0 = Release|Any CPU
		{8C96A1E0-B259-44B2-84EE-2E273FB34F97}.Debug|Any CPU.ActiveCfg = Debug|Any CPU
		{8C96A1E0-B259-44B2-84EE-2E273FB34F97}.Debug|Any CPU.Build.0 = Debug|Any CPU
		{8C96A1E0-B259-44B2-84EE-2E273FB34F97}.Release|Any CPU.ActiveCfg = Release|Any CPU
		{8C96A1E0-B259-44B2-84EE-2E273FB34F97}.Release|Any CPU.Build.0 = Release|Any CPU
		{6FC941AC-781A-4AE5-86ED-B1401BF5318A}.Debug|Any CPU.ActiveCfg = Debug|Any CPU
		{6FC941AC-781A-4AE5-86ED-B1401BF5318A}.Debug|Any CPU.Build.0 = Debug|Any CPU
		{6FC941AC-781A-4AE5-86ED-B1401BF5318A}.Release|Any CPU.ActiveCfg = Release|Any CPU
		{6FC941AC-781A-4AE5-86ED-B1401BF5318A}.Release|Any CPU.Build.0 = Release|Any CPU
		{785598EB-FD7E-44C0-8072-29EFFF4D5D80}.Debug|Any CPU.ActiveCfg = Debug|Any CPU
		{785598EB-FD7E-44C0-8072-29EFFF4D5D80}.Debug|Any CPU.Build.0 = Debug|Any CPU
		{785598EB-FD7E-44C0-8072-29EFFF4D5D80}.Release|Any CPU.ActiveCfg = Release|Any CPU
		{785598EB-FD7E-44C0-8072-29EFFF4D5D80}.Release|Any CPU.Build.0 = Release|Any CPU
		{221206A3-5DF0-4908-A89D-74848AC6ECB4}.Debug|Any CPU.ActiveCfg = Debug|Any CPU
		{221206A3-5DF0-4908-A89D-74848AC6ECB4}.Debug|Any CPU.Build.0 = Debug|Any CPU
		{221206A3-5DF0-4908-A89D-74848AC6ECB4}.Release|Any CPU.ActiveCfg = Release|Any CPU
		{221206A3-5DF0-4908-A89D-74848AC6ECB4}.Release|Any CPU.Build.0 = Release|Any CPU
		{BA6FED91-CA1F-4B91-8976-ECBA603E9EF7}.Debug|Any CPU.ActiveCfg = Debug|Any CPU
		{BA6FED91-CA1F-4B91-8976-ECBA603E9EF7}.Debug|Any CPU.Build.0 = Debug|Any CPU
		{BA6FED91-CA1F-4B91-8976-ECBA603E9EF7}.Release|Any CPU.ActiveCfg = Release|Any CPU
		{BA6FED91-CA1F-4B91-8976-ECBA603E9EF7}.Release|Any CPU.Build.0 = Release|Any CPU
		{72105F00-D0A4-4DAF-9725-913606821C45}.Debug|Any CPU.ActiveCfg = Debug|Any CPU
		{72105F00-D0A4-4DAF-9725-913606821C45}.Debug|Any CPU.Build.0 = Debug|Any CPU
		{72105F00-D0A4-4DAF-9725-913606821C45}.Release|Any CPU.ActiveCfg = Release|Any CPU
		{72105F00-D0A4-4DAF-9725-913606821C45}.Release|Any CPU.Build.0 = Release|Any CPU
		{3FA613D1-3C4D-4C12-8D33-5CE136FC9F27}.Debug|Any CPU.ActiveCfg = Debug|Any CPU
		{3FA613D1-3C4D-4C12-8D33-5CE136FC9F27}.Debug|Any CPU.Build.0 = Debug|Any CPU
		{3FA613D1-3C4D-4C12-8D33-5CE136FC9F27}.Release|Any CPU.ActiveCfg = Release|Any CPU
		{3FA613D1-3C4D-4C12-8D33-5CE136FC9F27}.Release|Any CPU.Build.0 = Release|Any CPU
	EndGlobalSection
	GlobalSection(SolutionProperties) = preSolution
		HideSolutionNode = FALSE
	EndGlobalSection
	GlobalSection(NestedProjects) = preSolution
		{9363A6EC-D70E-4D76-A277-3CB90A9BB98D} = {788128EF-E275-4DD2-BAFB-03366CBD1006}
		{CA6FB34E-AED1-4A72-B268-4F3311B193F4} = {788128EF-E275-4DD2-BAFB-03366CBD1006}
		{4304B5E2-B836-428E-A2A6-4D0C62142907} = {788128EF-E275-4DD2-BAFB-03366CBD1006}
		{A2BCBCB5-F842-4726-ACDB-1269C66E45AE} = {A91542DB-C876-4BE6-B2C0-CDD7435A7AC0}
		{5F620727-3959-4982-AD54-FC6EB33E3687} = {E9C9B8AC-053A-4EAC-AEFC-56FEE7855FBA}
		{432C2187-D638-4EAF-8928-4CDD2AE80BC8} = {E9C9B8AC-053A-4EAC-AEFC-56FEE7855FBA}
		{F03AF706-8762-471F-98E1-3571CF775E2E} = {47A37803-2564-41FB-BDAF-54123CB2CE89}
		{C185FEAF-C1DE-4E89-A65C-01BD3DFB1CAC} = {A2BCBCB5-F842-4726-ACDB-1269C66E45AE}
		{F62EB57D-E908-44D8-B685-40BD1112EBB5} = {5F620727-3959-4982-AD54-FC6EB33E3687}
		{8C96A1E0-B259-44B2-84EE-2E273FB34F97} = {8FF581D1-CBF9-47B0-A67A-8E79C4DF4E9B}
		{6FC941AC-781A-4AE5-86ED-B1401BF5318A} = {9363A6EC-D70E-4D76-A277-3CB90A9BB98D}
		{785598EB-FD7E-44C0-8072-29EFFF4D5D80} = {4304B5E2-B836-428E-A2A6-4D0C62142907}
		{221206A3-5DF0-4908-A89D-74848AC6ECB4} = {CA6FB34E-AED1-4A72-B268-4F3311B193F4}
		{BA6FED91-CA1F-4B91-8976-ECBA603E9EF7} = {A2BCBCB5-F842-4726-ACDB-1269C66E45AE}
		{72105F00-D0A4-4DAF-9725-913606821C45} = {432C2187-D638-4EAF-8928-4CDD2AE80BC8}
		{3FA613D1-3C4D-4C12-8D33-5CE136FC9F27} = {3FEBED5F-2576-4335-B90C-B24620846E92}
	EndGlobalSection
	GlobalSection(ExtensibilityGlobals) = postSolution
		SolutionGuid = {FC2073FE-6138-48FA-8AF7-416164B858EB}
	EndGlobalSection
EndGlobal
